{
    "name": "babylonjs-editor-quixel-plugin",
    "version": "1.0.4",
    "lockfileVersion": 1,
    "requires": true,
    "dependencies": {
        "@babel/runtime": {
            "version": "7.13.9",
            "resolved": "http://otto:8081/nexus/repository/npmjs-all/@babel/runtime/-/runtime-7.13.9.tgz",
            "integrity": "sha512-aY2kU+xgJ3dJ1eU6FMB9EH8dIe8dmusF1xEku52joLvw6eAFN0AI+WxCLDnpev2LEejWBAy2sBvBOBAjI3zmvA==",
            "requires": {
                "regenerator-runtime": "^0.13.4"
            }
        },
        "@blueprintjs/core": {
            "version": "3.28.1",
            "resolved": "http://otto:8081/nexus/repository/npmjs-all/@blueprintjs/core/-/core-3.28.1.tgz",
            "integrity": "sha512-Ws4+FrtHh5U4TMaqhFW1PXajJobn2By72LOxu18q8ksY4CuyUzvo8xIOooViQdA7ZLx9pwhC6dytsYdykwRy0w==",
            "requires": {
                "@blueprintjs/icons": "^3.18.0",
                "@types/dom4": "^2.0.1",
                "classnames": "^2.2",
                "dom4": "^2.1.5",
                "normalize.css": "^8.0.1",
                "popper.js": "^1.15.0",
                "react-lifecycles-compat": "^3.0.4",
                "react-popper": "^1.3.7",
                "react-transition-group": "^2.9.0",
                "resize-observer-polyfill": "^1.5.1",
                "tslib": "~1.10.0"
            }
        },
        "@blueprintjs/icons": {
            "version": "3.24.0",
            "resolved": "http://otto:8081/nexus/repository/npmjs-all/@blueprintjs/icons/-/icons-3.24.0.tgz",
            "integrity": "sha512-OvDDI5EUueS1Y3t594iS8LAGoHhLhYjC2GuN/01a85n+ASLSp0jf0/+uix2JeCOj41iTdRRCINbWuRwVQNNGPw==",
            "requires": {
                "classnames": "^2.2",
                "tslib": "~1.13.0"
            },
            "dependencies": {
                "tslib": {
                    "version": "1.13.0",
                    "resolved": "http://otto:8081/nexus/repository/npmjs-all/tslib/-/tslib-1.13.0.tgz",
                    "integrity": "sha512-i/6DQjL8Xf3be4K/E6Wgpekn5Qasl1usyw++dAA35Ue5orEn65VIxOA+YvNNl9HV3qv70T7CNwjODHZrLwvd1Q=="
                }
            }
        },
        "@blueprintjs/select": {
            "version": "3.13.2",
            "resolved": "http://otto:8081/nexus/repository/npmjs-all/@blueprintjs/select/-/select-3.13.2.tgz",
            "integrity": "sha512-cx/pUqAbbGJpBQgmdc9Cwj8CKbDbgq6dxcG5qTXs3nXNZQRO5KtwaKSJEzSxO9PhmxxpEn6FrScukoevqHwHvw==",
            "requires": {
                "@blueprintjs/core": "^3.28.1",
                "classnames": "^2.2",
                "tslib": "~1.10.0"
            }
        },
        "@hypnosphi/create-react-context": {
            "version": "0.3.1",
            "resolved": "http://otto:8081/nexus/repository/npmjs-all/@hypnosphi/create-react-context/-/create-react-context-0.3.1.tgz",
            "integrity": "sha512-V1klUed202XahrWJLLOT3EXNeCpFHCcJntdFGI15ntCwau+jfT386w7OFTMaCqOgXUH1fa0w/I1oZs+i/Rfr0A==",
            "requires": {
                "gud": "^1.0.0",
                "warning": "^4.0.3"
            }
        },
        "@types/connect": {
            "version": "3.4.33",
            "resolved": "https://registry.npmjs.org/@types/connect/-/connect-3.4.33.tgz",
            "integrity": "sha512-2+FrkXY4zllzTNfJth7jOqEHC+enpLeGslEhpnTAkg21GkRrWV4SsAtqchtT4YS9/nODBU2/ZfsBY2X4J/dX7A==",
            "dev": true,
            "requires": {
                "@types/node": "*"
            }
        },
        "@types/dat.gui": {
            "version": "0.7.5",
            "resolved": "http://otto:8081/nexus/repository/npmjs-all/@types/dat.gui/-/dat.gui-0.7.5.tgz",
            "integrity": "sha512-5AqLThlTiuDSOZA7XZFogRj/UdGKn/iIfdFPuh37kY4s7TjTt+YUOlUmcCrY6wAYFFyThtt2z8qZlYcdkhJZ5w=="
        },
        "@types/dom4": {
            "version": "2.0.1",
            "resolved": "http://otto:8081/nexus/repository/npmjs-all/@types/dom4/-/dom4-2.0.1.tgz",
            "integrity": "sha512-kSkVAvWmMZiCYtvqjqQEwOmvKwcH+V4uiv3qPQ8pAh1Xl39xggGEo8gHUqV4waYGHezdFw0rKBR8Jt0CrQSDZA=="
        },
        "@types/fs-extra": {
            "version": "8.1.0",
            "resolved": "https://registry.npmjs.org/@types/fs-extra/-/fs-extra-8.1.0.tgz",
            "integrity": "sha512-UoOfVEzAUpeSPmjm7h1uk5MH6KZma2z2O7a75onTGjnNvAvMVrPzPL/vBbT65iIGHWj6rokwfmYcmxmlSf2uwg==",
            "requires": {
                "@types/node": "*"
            }
        },
        "@types/http-server": {
            "version": "0.10.0",
            "resolved": "https://registry.npmjs.org/@types/http-server/-/http-server-0.10.0.tgz",
            "integrity": "sha512-bpuBiQM3GBd89Abzp/Spktt/ZIVSR8ccNBJgqUHf5KNow80t4ZFXfvTxzd96uHrwQQngbTqMulQPWbuFczYdfg==",
            "dev": true,
            "requires": {
                "@types/connect": "*"
            }
        },
        "@types/node": {
            "version": "13.9.0",
            "resolved": "https://registry.npmjs.org/@types/node/-/node-13.9.0.tgz",
            "integrity": "sha512-0ARSQootUG1RljH2HncpsY2TJBfGQIKOOi7kxzUY6z54ePu/ZD+wJA8zI2Q6v8rol2qpG/rvqsReco8zNMPvhQ=="
        },
        "@types/prop-types": {
            "version": "15.7.3",
            "resolved": "http://otto:8081/nexus/repository/npmjs-all/@types/prop-types/-/prop-types-15.7.3.tgz",
            "integrity": "sha512-KfRL3PuHmqQLOG+2tGpRO26Ctg+Cq1E01D2DMriKEATHgWLfeNDmq9e29Q9WIky0dQ3NPkd1mzYH8Lm936Z9qw=="
        },
        "@types/react": {
            "version": "16.9.19",
            "resolved": "http://otto:8081/nexus/repository/npmjs-all/@types/react/-/react-16.9.19.tgz",
            "integrity": "sha512-LJV97//H+zqKWMms0kvxaKYJDG05U2TtQB3chRLF8MPNs+MQh/H1aGlyDUxjaHvu08EAGerdX2z4LTBc7ns77A==",
            "requires": {
                "@types/prop-types": "*",
                "csstype": "^2.2.0"
            }
        },
        "@types/react-dom": {
            "version": "16.9.5",
            "resolved": "http://otto:8081/nexus/repository/npmjs-all/@types/react-dom/-/react-dom-16.9.5.tgz",
            "integrity": "sha512-BX6RQ8s9D+2/gDhxrj8OW+YD4R+8hj7FEM/OJHGNR0KipE1h1mSsf39YeyC81qafkq+N3rU3h3RFbLSwE5VqUg==",
            "requires": {
                "@types/react": "*"
            }
        },
        "babylonjs": {
            "version": "4.2.0",
            "resolved": "http://otto:8081/nexus/repository/npmjs-all/babylonjs/-/babylonjs-4.2.0.tgz",
            "integrity": "sha512-4hniJzWRkV0tDTTYGEHPk1lnfWn0HIw7HOvNWPK0rpUIbJooyeD9E5uVyHnslDedt0mtrA7QZu4i2Cz1DEmSsA=="
        },
        "babylonjs-editor": {
            "version": "4.0.0-rc.1",
            "resolved": "http://otto:8081/nexus/repository/npmjs-all/babylonjs-editor/-/babylonjs-editor-4.0.0-rc.1.tgz",
            "integrity": "sha512-FqGwsthYforYQOT357Gcv5C8jyezfqCFaLkqOdIV0gpfuh+RzRtcZBbx2DuYxUkYL4M95RS9ma4W3B47InOAeA==",
            "requires": {
                "@blueprintjs/core": "3.28.1",
                "@blueprintjs/select": "3.13.2",
                "@types/dat.gui": "0.7.5",
                "@types/fs-extra": "8.1.0",
                "@types/node": "13.9.0",
                "@types/react": "16.9.19",
                "@types/react-dom": "16.9.5",
                "babylonjs": "4.2.0",
                "babylonjs-gui": "4.2.0",
                "babylonjs-inspector": "4.2.0",
                "babylonjs-loaders": "4.2.0",
                "babylonjs-materials": "4.2.0",
                "babylonjs-node-editor": "4.2.0",
                "babylonjs-post-process": "4.2.0",
                "babylonjs-procedural-textures": "4.2.0",
                "babylonjs-serializers": "4.2.0",
                "filenamify": "4.2.0",
                "react": "16.12.0",
                "react-dom": "16.12.0",
                "typescript": "4.0.5"
            },
            "dependencies": {
                "typescript": {
                    "version": "4.0.5",
                    "resolved": "http://otto:8081/nexus/repository/npmjs-all/typescript/-/typescript-4.0.5.tgz",
                    "integrity": "sha512-ywmr/VrTVCmNTJ6iV2LwIrfG1P+lv6luD8sUJs+2eI9NLGigaN+nUQc13iHqisq7bra9lnmUSYqbJvegraBOPQ=="
                }
            }
        },
        "babylonjs-gltf2interface": {
            "version": "4.2.0",
            "resolved": "http://otto:8081/nexus/repository/npmjs-all/babylonjs-gltf2interface/-/babylonjs-gltf2interface-4.2.0.tgz",
            "integrity": "sha512-Fn/ThxwZWP9kEAqk+9FX9CAeF4ah/I0/8wzAZR8MQuYqlYpEfM+E/IztJ+4LoOOxQYMWNs5lgj8OXSkX0tqc4g=="
        },
        "babylonjs-gui": {
            "version": "4.2.0",
            "resolved": "http://otto:8081/nexus/repository/npmjs-all/babylonjs-gui/-/babylonjs-gui-4.2.0.tgz",
            "integrity": "sha512-eCLlUiShKFN8QCv/Xg8OInWXon9KFfZPVHQtI5A5yUggaNgjZrq1Ul6oveIYbg9UH32oU/jUDb4iChHn5Bsgjw==",
            "requires": {
                "babylonjs": "4.2.0"
            }
        },
        "babylonjs-inspector": {
            "version": "4.2.0",
            "resolved": "http://otto:8081/nexus/repository/npmjs-all/babylonjs-inspector/-/babylonjs-inspector-4.2.0.tgz",
            "integrity": "sha512-dC2REq+5g/mWOOT6q5bCCstzdnAHq1ndbazlSYLXaLxPjX0LKcZct71qt7jLiqIwtAHuo+O7kneOw/WkmVIddQ==",
            "requires": {
                "babylonjs": "4.2.0",
                "babylonjs-gltf2interface": "4.2.0",
                "babylonjs-gui": "4.2.0",
                "babylonjs-loaders": "4.2.0",
                "babylonjs-materials": "4.2.0",
                "babylonjs-serializers": "4.2.0"
            }
        },
        "babylonjs-loaders": {
            "version": "4.2.0",
            "resolved": "http://otto:8081/nexus/repository/npmjs-all/babylonjs-loaders/-/babylonjs-loaders-4.2.0.tgz",
            "integrity": "sha512-GGLvo4ibbSHMY0Kj/DBu4827NBWeDT0NOBi/UuifXltzqPJtJRi3PCEcELj4Ga8cRxkfYi/7PMKcce2zVnpLZA==",
            "requires": {
                "babylonjs": "4.2.0",
                "babylonjs-gltf2interface": "4.2.0"
            }
        },
        "babylonjs-materials": {
            "version": "4.2.0",
            "resolved": "http://otto:8081/nexus/repository/npmjs-all/babylonjs-materials/-/babylonjs-materials-4.2.0.tgz",
            "integrity": "sha512-QyfFN2y4D+vH2PILG5nGBi1H9pcBZvUKdPspXe8mkQiujZl6MBoa3U8aNHvmknJoTxaGkdVzdlSHByayXh3Iug==",
            "requires": {
                "babylonjs": "4.2.0"
            }
        },
        "babylonjs-node-editor": {
            "version": "4.2.0",
            "resolved": "http://otto:8081/nexus/repository/npmjs-all/babylonjs-node-editor/-/babylonjs-node-editor-4.2.0.tgz",
            "integrity": "sha512-yPb3Raj4licdjdhqWbG/mBxPgh1eYFkG00XMfIaWVXe549T/cbeTpUixkQjpoOV8FQzcBg1H9U/D0yYH/sdbhQ==",
            "requires": {
                "babylonjs": "4.2.0"
            }
        },
        "babylonjs-post-process": {
            "version": "4.2.0",
            "resolved": "http://otto:8081/nexus/repository/npmjs-all/babylonjs-post-process/-/babylonjs-post-process-4.2.0.tgz",
            "integrity": "sha512-X/Yq0Y8QWwC0PIzLFQG1Ep60Doo0NcEoNH5z6tXg1oYc28OQ1DRA9+pAZWQ8FCLVKhN68BO4i2RJUd7txfCg+g==",
            "requires": {
                "babylonjs": "4.2.0"
            }
        },
        "babylonjs-procedural-textures": {
            "version": "4.2.0",
            "resolved": "http://otto:8081/nexus/repository/npmjs-all/babylonjs-procedural-textures/-/babylonjs-procedural-textures-4.2.0.tgz",
            "integrity": "sha512-EhYfnafHd5h1mTjxvKonSdhhc2+cVOK79T2HJj69OFoLwBJxzQyDinrG0Jx8RWeC8HBuKwOQsUFAcC2tAtQrxw==",
            "requires": {
                "babylonjs": "4.2.0"
            }
        },
        "babylonjs-serializers": {
            "version": "4.2.0",
            "resolved": "http://otto:8081/nexus/repository/npmjs-all/babylonjs-serializers/-/babylonjs-serializers-4.2.0.tgz",
            "integrity": "sha512-N5fmuZXBQaZZB9C9iyuu4SnnTvteAWt1iPyxW2aF8OUAaZ1uhyB6/cTsFS5/8ziXQ1GpR/gfKtk9QqB97Dn4ew==",
            "requires": {
                "babylonjs": "4.2.0",
                "babylonjs-gltf2interface": "4.2.0"
            }
        },
        "classnames": {
            "version": "2.2.6",
            "resolved": "http://otto:8081/nexus/repository/npmjs-all/classnames/-/classnames-2.2.6.tgz",
            "integrity": "sha512-JR/iSQOSt+LQIWwrwEzJ9uk0xfN3mTVYMwt1Ir5mUcSN6pU+V4zQFFaJsclJbPuAUQH+yfWef6tm7l1quW3C8Q=="
        },
        "csstype": {
            "version": "2.6.16",
            "resolved": "http://otto:8081/nexus/repository/npmjs-all/csstype/-/csstype-2.6.16.tgz",
            "integrity": "sha512-61FBWoDHp/gRtsoDkq/B1nWrCUG/ok1E3tUrcNbZjsE9Cxd9yzUirjS3+nAATB8U4cTtaQmAHbNndoFz5L6C9Q=="
        },
        "dom-helpers": {
            "version": "3.4.0",
            "resolved": "http://otto:8081/nexus/repository/npmjs-all/dom-helpers/-/dom-helpers-3.4.0.tgz",
            "integrity": "sha512-LnuPJ+dwqKDIyotW1VzmOZ5TONUN7CwkCR5hrgawTUbkBGYdeoNLZo6nNfGkCrjtE1nXXaj7iMMpDa8/d9WoIA==",
            "requires": {
                "@babel/runtime": "^7.1.2"
            }
        },
        "dom4": {
            "version": "2.1.6",
            "resolved": "http://otto:8081/nexus/repository/npmjs-all/dom4/-/dom4-2.1.6.tgz",
            "integrity": "sha512-JkCVGnN4ofKGbjf5Uvc8mmxaATIErKQKSgACdBXpsQ3fY6DlIpAyWfiBSrGkttATssbDCp3psiAKWXk5gmjycA=="
        },
        "escape-string-regexp": {
            "version": "1.0.5",
            "resolved": "http://otto:8081/nexus/repository/npmjs-all/escape-string-regexp/-/escape-string-regexp-1.0.5.tgz",
            "integrity": "sha1-G2HAViGQqN/2rjuyzwIAyhMLhtQ="
        },
        "filename-reserved-regex": {
            "version": "2.0.0",
            "resolved": "http://otto:8081/nexus/repository/npmjs-all/filename-reserved-regex/-/filename-reserved-regex-2.0.0.tgz",
            "integrity": "sha1-q/c9+rc10EVECr/qLZHzieu/oik="
        },
        "filenamify": {
            "version": "4.2.0",
            "resolved": "http://otto:8081/nexus/repository/npmjs-all/filenamify/-/filenamify-4.2.0.tgz",
            "integrity": "sha512-pkgE+4p7N1n7QieOopmn3TqJaefjdWXwEkj2XLZJLKfOgcQKkn11ahvGNgTD8mLggexLiDFQxeTs14xVU22XPA==",
            "requires": {
                "filename-reserved-regex": "^2.0.0",
                "strip-outer": "^1.0.1",
                "trim-repeated": "^1.0.0"
            }
        },
        "fs-extra": {
            "version": "8.1.0",
            "resolved": "https://registry.npmjs.org/fs-extra/-/fs-extra-8.1.0.tgz",
            "integrity": "sha512-yhlQgA6mnOJUKOsRUFsgJdQCvkKhcz8tlZG5HBQfReYZy46OwLcY+Zia0mtdHsOo9y/hP+CxMN0TU9QxoOtG4g==",
            "requires": {
                "graceful-fs": "^4.2.0",
                "jsonfile": "^4.0.0",
                "universalify": "^0.1.0"
            }
        },
        "graceful-fs": {
            "version": "4.2.4",
            "resolved": "https://registry.npmjs.org/graceful-fs/-/graceful-fs-4.2.4.tgz",
            "integrity": "sha512-WjKPNJF79dtJAVniUlGGWHYGz2jWxT6VhN/4m1NdkbZ2nOsEF+cI1Edgql5zCRhs/VsQYRvrXctxktVXZUkixw=="
        },
        "gud": {
            "version": "1.0.0",
            "resolved": "http://otto:8081/nexus/repository/npmjs-all/gud/-/gud-1.0.0.tgz",
            "integrity": "sha512-zGEOVKFM5sVPPrYs7J5/hYEw2Pof8KCyOwyhG8sAF26mCAeUFAcYPu1mwB7hhpIP29zOIBaDqwuHdLp0jvZXjw=="
        },
        "js-tokens": {
            "version": "4.0.0",
            "resolved": "http://otto:8081/nexus/repository/npmjs-all/js-tokens/-/js-tokens-4.0.0.tgz",
            "integrity": "sha512-RdJUflcE3cUzKiMqQgsCu06FPu9UdIJO0beYbPhHN4k6apgJtifcoCtT9bcxOpYBtpD2kCM6Sbzg4CausW/PKQ=="
        },
        "jsonfile": {
            "version": "4.0.0",
            "resolved": "https://registry.npmjs.org/jsonfile/-/jsonfile-4.0.0.tgz",
            "integrity": "sha1-h3Gq4HmbZAdrdmQPygWPnBDjPss=",
            "requires": {
                "graceful-fs": "^4.1.6"
            }
        },
        "loose-envify": {
            "version": "1.4.0",
            "resolved": "http://otto:8081/nexus/repository/npmjs-all/loose-envify/-/loose-envify-1.4.0.tgz",
            "integrity": "sha512-lyuxPGr/Wfhrlem2CL/UcnUc1zcqKAImBDzukY7Y5F/yQiNdko6+fRLevlw1HgMySw7f611UIY408EtxRSoK3Q==",
            "requires": {
                "js-tokens": "^3.0.0 || ^4.0.0"
            }
        },
        "normalize.css": {
            "version": "8.0.1",
            "resolved": "http://otto:8081/nexus/repository/npmjs-all/normalize.css/-/normalize.css-8.0.1.tgz",
            "integrity": "sha512-qizSNPO93t1YUuUhP22btGOo3chcvDFqFaj2TRybP0DMxkHOCTYwp3n34fel4a31ORXy4m1Xq0Gyqpb5m33qIg=="
        },
        "object-assign": {
            "version": "4.1.1",
            "resolved": "http://otto:8081/nexus/repository/npmjs-all/object-assign/-/object-assign-4.1.1.tgz",
            "integrity": "sha1-IQmtx5ZYh8/AXLvUQsrIv7s2CGM="
        },
        "popper.js": {
            "version": "1.16.1",
            "resolved": "http://otto:8081/nexus/repository/npmjs-all/popper.js/-/popper.js-1.16.1.tgz",
            "integrity": "sha512-Wb4p1J4zyFTbM+u6WuO4XstYx4Ky9Cewe4DWrel7B0w6VVICvPwdOpotjzcf6eD8TsckVnIMNONQyPIUFOUbCQ=="
        },
        "prop-types": {
            "version": "15.7.2",
            "resolved": "http://otto:8081/nexus/repository/npmjs-all/prop-types/-/prop-types-15.7.2.tgz",
            "integrity": "sha512-8QQikdH7//R2vurIJSutZ1smHYTcLpRWEOlHnzcWHmBYrOGUysKwSsrC89BCiFj3CbrfJ/nXFdJepOVrY1GCHQ==",
            "requires": {
                "loose-envify": "^1.4.0",
                "object-assign": "^4.1.1",
                "react-is": "^16.8.1"
            }
        },
        "react": {
            "version": "16.12.0",
            "resolved": "http://otto:8081/nexus/repository/npmjs-all/react/-/react-16.12.0.tgz",
            "integrity": "sha512-fglqy3k5E+81pA8s+7K0/T3DBCF0ZDOher1elBFzF7O6arXJgzyu/FW+COxFvAWXJoJN9KIZbT2LXlukwphYTA==",
            "requires": {
                "loose-envify": "^1.1.0",
                "object-assign": "^4.1.1",
                "prop-types": "^15.6.2"
            }
        },
        "react-dom": {
            "version": "16.12.0",
            "resolved": "http://otto:8081/nexus/repository/npmjs-all/react-dom/-/react-dom-16.12.0.tgz",
            "integrity": "sha512-LMxFfAGrcS3kETtQaCkTKjMiifahaMySFDn71fZUNpPHZQEzmk/GiAeIT8JSOrHB23fnuCOMruL2a8NYlw+8Gw==",
            "requires": {
                "loose-envify": "^1.1.0",
                "object-assign": "^4.1.1",
                "prop-types": "^15.6.2",
                "scheduler": "^0.18.0"
            }
        },
        "react-is": {
            "version": "16.13.1",
            "resolved": "http://otto:8081/nexus/repository/npmjs-all/react-is/-/react-is-16.13.1.tgz",
            "integrity": "sha512-24e6ynE2H+OKt4kqsOvNd8kBpV65zoxbA4BVsEOB3ARVWQki/DHzaUoC5KuON/BiccDaCCTZBuOcfZs70kR8bQ=="
        },
        "react-lifecycles-compat": {
            "version": "3.0.4",
            "resolved": "http://otto:8081/nexus/repository/npmjs-all/react-lifecycles-compat/-/react-lifecycles-compat-3.0.4.tgz",
            "integrity": "sha512-fBASbA6LnOU9dOU2eW7aQ8xmYBSXUIWr+UmF9b1efZBazGNO+rcXT/icdKnYm2pTwcRylVUYwW7H1PHfLekVzA=="
        },
        "react-popper": {
            "version": "1.3.10",
            "resolved": "http://otto:8081/nexus/repository/npmjs-all/react-popper/-/react-popper-1.3.10.tgz",
            "integrity": "sha512-sZfwHtHCMst0L0G/c83/Y/K1f9fNWMEKsk/cGAor68rQBHB75WuDQ7k95tkce8QNaUHhg9uFXIJbZO0eWRvJbw==",
            "requires": {
                "@babel/runtime": "^7.1.2",
                "@hypnosphi/create-react-context": "^0.3.1",
                "popper.js": "^1.14.4",
                "prop-types": "^15.6.1",
                "typed-styles": "^0.0.7",
                "warning": "^4.0.2"
            }
        },
        "react-transition-group": {
            "version": "2.9.0",
            "resolved": "http://otto:8081/nexus/repository/npmjs-all/react-transition-group/-/react-transition-group-2.9.0.tgz",
            "integrity": "sha512-+HzNTCHpeQyl4MJ/bdE0u6XRMe9+XG/+aL4mCxVN4DnPBQ0/5bfHWPDuOZUzYdMj94daZaZdCCc1Dzt9R/xSSg==",
            "requires": {
                "dom-helpers": "^3.4.0",
                "loose-envify": "^1.4.0",
                "prop-types": "^15.6.2",
                "react-lifecycles-compat": "^3.0.4"
            }
        },
        "regenerator-runtime": {
            "version": "0.13.7",
            "resolved": "http://otto:8081/nexus/repository/npmjs-all/regenerator-runtime/-/regenerator-runtime-0.13.7.tgz",
            "integrity": "sha512-a54FxoJDIr27pgf7IgeQGxmqUNYrcV338lf/6gH456HZ/PhX+5BcwHXG9ajESmwe6WRO0tAzRUrRmNONWgkrew=="
        },
        "resize-observer-polyfill": {
            "version": "1.5.1",
            "resolved": "http://otto:8081/nexus/repository/npmjs-all/resize-observer-polyfill/-/resize-observer-polyfill-1.5.1.tgz",
            "integrity": "sha512-LwZrotdHOo12nQuZlHEmtuXdqGoOD0OhaxopaNFxWzInpEgaLWoVuAMbTzixuosCx2nEG58ngzW3vxdWoxIgdg=="
        },
        "scheduler": {
            "version": "0.18.0",
            "resolved": "http://otto:8081/nexus/repository/npmjs-all/scheduler/-/scheduler-0.18.0.tgz",
            "integrity": "sha512-agTSHR1Nbfi6ulI0kYNK0203joW2Y5W4po4l+v03tOoiJKpTBbxpNhWDvqc/4IcOw+KLmSiQLTasZ4cab2/UWQ==",
            "requires": {
                "loose-envify": "^1.1.0",
                "object-assign": "^4.1.1"
            }
        },
        "strip-outer": {
            "version": "1.0.1",
            "resolved": "http://otto:8081/nexus/repository/npmjs-all/strip-outer/-/strip-outer-1.0.1.tgz",
            "integrity": "sha512-k55yxKHwaXnpYGsOzg4Vl8+tDrWylxDEpknGjhTiZB8dFRU5rTo9CAzeycivxV3s+zlTKwrs6WxMxR95n26kwg==",
            "requires": {
                "escape-string-regexp": "^1.0.2"
            }
        },
        "trim-repeated": {
            "version": "1.0.0",
            "resolved": "http://otto:8081/nexus/repository/npmjs-all/trim-repeated/-/trim-repeated-1.0.0.tgz",
            "integrity": "sha1-42RqLqTokTEr9+rObPsFOAvAHCE=",
            "requires": {
                "escape-string-regexp": "^1.0.2"
            }
        },
        "tslib": {
            "version": "1.10.0",
            "resolved": "http://otto:8081/nexus/repository/npmjs-all/tslib/-/tslib-1.10.0.tgz",
            "integrity": "sha512-qOebF53frne81cf0S9B41ByenJ3/IuH8yJKngAX35CmiZySA0khhkovshKK+jGCaMnVomla7gVlIcc3EvKPbTQ=="
        },
        "typed-styles": {
            "version": "0.0.7",
            "resolved": "http://otto:8081/nexus/repository/npmjs-all/typed-styles/-/typed-styles-0.0.7.tgz",
            "integrity": "sha512-pzP0PWoZUhsECYjABgCGQlRGL1n7tOHsgwYv3oIiEpJwGhFTuty/YNeduxQYzXXa3Ge5BdT6sHYIQYpl4uJ+5Q=="
        },
        "typescript": {
            "version": "3.7.5",
            "resolved": "https://registry.npmjs.org/typescript/-/typescript-3.7.5.tgz",
            "integrity": "sha512-/P5lkRXkWHNAbcJIiHPfRoKqyd7bsyCma1hZNUGfn20qm64T6ZBlrzprymeu918H+mB/0rIg2gGK/BXkhhYgBw==",
            "dev": true
        },
        "universalify": {
            "version": "0.1.2",
            "resolved": "https://registry.npmjs.org/universalify/-/universalify-0.1.2.tgz",
            "integrity": "sha512-rBJeI5CXAlmy1pV+617WB9J63U6XcazHHF2f2dbJix4XzpUF0RS3Zbj0FGIOCAva5P/d/GBOYaACQ1w+0azUkg=="
        },
        "warning": {
            "version": "4.0.3",
            "resolved": "http://otto:8081/nexus/repository/npmjs-all/warning/-/warning-4.0.3.tgz",
            "integrity": "sha512-rpJyN222KWIvHJ/F53XSZv0Zl/accqHR8et1kpaMTD/fLCRxtV8iX8czMzY7sVZupTI3zcUTg8eycS2kNF9l6w==",
            "requires": {
                "loose-envify": "^1.0.0"
            }
        },
        "zlibjs": {
            "version": "0.3.1",
            "resolved": "https://registry.npmjs.org/zlibjs/-/zlibjs-0.3.1.tgz",
            "integrity": "sha1-UBl+2yihxCymWcyLTmqd3W1ERVQ="
        }
    }
}
